{
  "nodes": {
    "flake-utils": {
      "locked": {
        "lastModified": 1609246779,
        "narHash": "sha256-eq6ZXE/VWo3EMC65jmIT6H/rrUc9UWOWVujkzav025k=",
        "owner": "numtide",
        "repo": "flake-utils",
        "rev": "08c7ad4a0844adc4a7f9f5bb3beae482e789afa4",
        "type": "github"
      },
      "original": {
        "owner": "numtide",
        "repo": "flake-utils",
        "type": "github"
      }
    },
    "naersk": {
      "inputs": {
        "nixpkgs": [
          "nixpkgs"
        ]
      },
      "locked": {
        "lastModified": 1611671864,
        "narHash": "sha256-dufXzwMM8q0zkqSsfK2pvBNBmA8AJbaPkZkDYVCUXsI=",
        "owner": "nmattia",
        "repo": "naersk",
        "rev": "79129b5c16d299b747b5276afd80b1f325f786ac",
        "type": "github"
      },
      "original": {
        "owner": "nmattia",
        "repo": "naersk",
        "type": "github"
      }
    },
    "nixpkgs": {
      "locked": {
        "lastModified": 1612144587,
        "narHash": "sha256-rzMjkE5FWX9XUklt2JYrY/VIa8AJzMYr+87aW9m8DpE=",
        "owner": "NixOS",
        "repo": "nixpkgs",
        "rev": "86d5d9650d39128b028d0de33c5354cc20bb4608",
        "type": "github"
      },
      "original": {
        "owner": "NixOS",
        "ref": "master",
        "repo": "nixpkgs",
        "type": "github"
      }
    },
    "root": {
      "inputs": {
        "naersk": "naersk",
        "nixpkgs": "nixpkgs",
        "rust-overlay": "rust-overlay",
        "utils": "utils"
      }
    },
    "rust-overlay": {
      "inputs": {
        "flake-utils": "flake-utils",
        "nixpkgs": [
          "nixpkgs"
        ]
      },
      "locked": {
        "lastModified": 1612147138,
        "narHash": "sha256-MPboMbRzyGZtM745ov0i75vMKsVnXGf8RPvjmb5edP8=",
        "owner": "oxalica",
        "repo": "rust-overlay",
        "rev": "5d630d7043bbbc0688459fe0c09f3f8d7f500740",
        "type": "github"
      },
      "original": {
        "owner": "oxalica",
        "repo": "rust-overlay",
        "type": "github"
      }
    },
    "utils": {
      "locked": {
        "lastModified": 1610051610,
        "narHash": "sha256-U9rPz/usA1/Aohhk7Cmc2gBrEEKRzcW4nwPWMPwja4Y=",
        "owner": "numtide",
        "repo": "flake-utils",
        "rev": "3982c9903e93927c2164caa727cd3f6a0e6d14cc",
        "type": "github"
      },
      "original": {
        "owner": "numtide",
        "repo": "flake-utils",
        "type": "github"
      }
    }
  },
  "root": "root",
  "version": 7
}
